
Microsoft Visual Studio Solution File, Format Version 12.00
# Visual Studio Version 17
VisualStudioVersion = 17.0.31903.59
MinimumVisualStudioVersion = 10.0.40219.1
Project("{FAE04EC0-301F-11D3-BF4B-00C04F79EFBC}") = "Projeto_it_22", "Projeto_it_22\Projeto_it_22.csproj", "{12A69423-12E3-4738-B303-8E9291B6E78F}"
EndProject
Project("{FAE04EC0-301F-11D3-BF4B-00C04F79EFBC}") = "Projeto_it_22.Tests", "Projeto_it_22.Tests\Projeto_it_22.Tests.csproj", "{DD47197C-374A-4076-A38A-2B2E14E8D0AB}"
EndProject
Global
	GlobalSection(SolutionConfigurationPlatforms) = preSolution
		Debug|Any CPU = Debug|Any CPU
		Release|Any CPU = Release|Any CPU
	EndGlobalSection
	GlobalSection(SolutionProperties) = preSolution
		HideSolutionNode = FALSE
	EndGlobalSection
	GlobalSection(ProjectConfigurationPlatforms) = postSolution
		{12A69423-12E3-4738-B303-8E9291B6E78F}.Debug|Any CPU.ActiveCfg = Debug|Any CPU
		{12A69423-12E3-4738-B303-8E9291B6E78F}.Debug|Any CPU.Build.0 = Debug|Any CPU
		{12A69423-12E3-4738-B303-8E9291B6E78F}.Release|Any CPU.ActiveCfg = Release|Any CPU
		{12A69423-12E3-4738-B303-8E9291B6E78F}.Release|Any CPU.Build.0 = Release|Any CPU
		{DD47197C-374A-4076-A38A-2B2E14E8D0AB}.Debug|Any CPU.ActiveCfg = Debug|Any CPU
		{DD47197C-374A-4076-A38A-2B2E14E8D0AB}.Debug|Any CPU.Build.0 = Debug|Any CPU
		{DD47197C-374A-4076-A38A-2B2E14E8D0AB}.Release|Any CPU.ActiveCfg = Release|Any CPU
		{DD47197C-374A-4076-A38A-2B2E14E8D0AB}.Release|Any CPU.Build.0 = Release|Any CPU
	EndGlobalSection
EndGlobal
